
Microsoft Visual Studio Solution File, Format Version 12.00
# Visual Studio 15
VisualStudioVersion = 15.0.26124.0
MinimumVisualStudioVersion = 15.0.26124.0
Project("{FAE04EC0-301F-11D3-BF4B-00C04F79EFBC}") = "Domain", "Domain\Domain.csproj", "{72E4BB1C-DFCB-4FCC-8FDE-BC641CAD930A}"
EndProject
Project("{FAE04EC0-301F-11D3-BF4B-00C04F79EFBC}") = "Application", "Application\Application.csproj", "{419EA9D9-B4B6-45C8-AB44-39921806FEF0}"
EndProject
Project("{FAE04EC0-301F-11D3-BF4B-00C04F79EFBC}") = "Persistence", "Persistence\Persistence.csproj", "{A353225C-AD6F-4879-A0DC-49626C3EDAD4}"
EndProject
Project("{FAE04EC0-301F-11D3-BF4B-00C04F79EFBC}") = "API", "API\API.csproj", "{AB2CA49E-A22C-4708-A626-C681CABBAC61}"
EndProject
Project("{FAE04EC0-301F-11D3-BF4B-00C04F79EFBC}") = "Infrastructure", "Infrastructure\Infrastructure.csproj", "{3E4A53D3-3AA6-4AF4-BCDC-5B2702B9696D}"
EndProject
Global
	GlobalSection(SolutionConfigurationPlatforms) = preSolution
		Debug|Any CPU = Debug|Any CPU
		Debug|x64 = Debug|x64
		Debug|x86 = Debug|x86
		Release|Any CPU = Release|Any CPU
		Release|x64 = Release|x64
		Release|x86 = Release|x86
	EndGlobalSection
	GlobalSection(SolutionProperties) = preSolution
		HideSolutionNode = FALSE
	EndGlobalSection
	GlobalSection(ProjectConfigurationPlatforms) = postSolution
		{72E4BB1C-DFCB-4FCC-8FDE-BC641CAD930A}.Debug|Any CPU.ActiveCfg = Debug|Any CPU
		{72E4BB1C-DFCB-4FCC-8FDE-BC641CAD930A}.Debug|Any CPU.Build.0 = Debug|Any CPU
		{72E4BB1C-DFCB-4FCC-8FDE-BC641CAD930A}.Debug|x64.ActiveCfg = Debug|Any CPU
		{72E4BB1C-DFCB-4FCC-8FDE-BC641CAD930A}.Debug|x64.Build.0 = Debug|Any CPU
		{72E4BB1C-DFCB-4FCC-8FDE-BC641CAD930A}.Debug|x86.ActiveCfg = Debug|Any CPU
		{72E4BB1C-DFCB-4FCC-8FDE-BC641CAD930A}.Debug|x86.Build.0 = Debug|Any CPU
		{72E4BB1C-DFCB-4FCC-8FDE-BC641CAD930A}.Release|Any CPU.ActiveCfg = Release|Any CPU
		{72E4BB1C-DFCB-4FCC-8FDE-BC641CAD930A}.Release|Any CPU.Build.0 = Release|Any CPU
		{72E4BB1C-DFCB-4FCC-8FDE-BC641CAD930A}.Release|x64.ActiveCfg = Release|Any CPU
		{72E4BB1C-DFCB-4FCC-8FDE-BC641CAD930A}.Release|x64.Build.0 = Release|Any CPU
		{72E4BB1C-DFCB-4FCC-8FDE-BC641CAD930A}.Release|x86.ActiveCfg = Release|Any CPU
		{72E4BB1C-DFCB-4FCC-8FDE-BC641CAD930A}.Release|x86.Build.0 = Release|Any CPU
		{419EA9D9-B4B6-45C8-AB44-39921806FEF0}.Debug|Any CPU.ActiveCfg = Debug|Any CPU
		{419EA9D9-B4B6-45C8-AB44-39921806FEF0}.Debug|Any CPU.Build.0 = Debug|Any CPU
		{419EA9D9-B4B6-45C8-AB44-39921806FEF0}.Debug|x64.ActiveCfg = Debug|Any CPU
		{419EA9D9-B4B6-45C8-AB44-39921806FEF0}.Debug|x64.Build.0 = Debug|Any CPU
		{419EA9D9-B4B6-45C8-AB44-39921806FEF0}.Debug|x86.ActiveCfg = Debug|Any CPU
		{419EA9D9-B4B6-45C8-AB44-39921806FEF0}.Debug|x86.Build.0 = Debug|Any CPU
		{419EA9D9-B4B6-45C8-AB44-39921806FEF0}.Release|Any CPU.ActiveCfg = Release|Any CPU
		{419EA9D9-B4B6-45C8-AB44-39921806FEF0}.Release|Any CPU.Build.0 = Release|Any CPU
		{419EA9D9-B4B6-45C8-AB44-39921806FEF0}.Release|x64.ActiveCfg = Release|Any CPU
		{419EA9D9-B4B6-45C8-AB44-39921806FEF0}.Release|x64.Build.0 = Release|Any CPU
		{419EA9D9-B4B6-45C8-AB44-39921806FEF0}.Release|x86.ActiveCfg = Release|Any CPU
		{419EA9D9-B4B6-45C8-AB44-39921806FEF0}.Release|x86.Build.0 = Release|Any CPU
		{A353225C-AD6F-4879-A0DC-49626C3EDAD4}.Debug|Any CPU.ActiveCfg = Debug|Any CPU
		{A353225C-AD6F-4879-A0DC-49626C3EDAD4}.Debug|Any CPU.Build.0 = Debug|Any CPU
		{A353225C-AD6F-4879-A0DC-49626C3EDAD4}.Debug|x64.ActiveCfg = Debug|Any CPU
		{A353225C-AD6F-4879-A0DC-49626C3EDAD4}.Debug|x64.Build.0 = Debug|Any CPU
		{A353225C-AD6F-4879-A0DC-49626C3EDAD4}.Debug|x86.ActiveCfg = Debug|Any CPU
		{A353225C-AD6F-4879-A0DC-49626C3EDAD4}.Debug|x86.Build.0 = Debug|Any CPU
		{A353225C-AD6F-4879-A0DC-49626C3EDAD4}.Release|Any CPU.ActiveCfg = Release|Any CPU
		{A353225C-AD6F-4879-A0DC-49626C3EDAD4}.Release|Any CPU.Build.0 = Release|Any CPU
		{A353225C-AD6F-4879-A0DC-49626C3EDAD4}.Release|x64.ActiveCfg = Release|Any CPU
		{A353225C-AD6F-4879-A0DC-49626C3EDAD4}.Release|x64.Build.0 = Release|Any CPU
		{A353225C-AD6F-4879-A0DC-49626C3EDAD4}.Release|x86.ActiveCfg = Release|Any CPU
		{A353225C-AD6F-4879-A0DC-49626C3EDAD4}.Release|x86.Build.0 = Release|Any CPU
		{AB2CA49E-A22C-4708-A626-C681CABBAC61}.Debug|Any CPU.ActiveCfg = Debug|Any CPU
		{AB2CA49E-A22C-4708-A626-C681CABBAC61}.Debug|Any CPU.Build.0 = Debug|Any CPU
		{AB2CA49E-A22C-4708-A626-C681CABBAC61}.Debug|x64.ActiveCfg = Debug|Any CPU
		{AB2CA49E-A22C-4708-A626-C681CABBAC61}.Debug|x64.Build.0 = Debug|Any CPU
		{AB2CA49E-A22C-4708-A626-C681CABBAC61}.Debug|x86.ActiveCfg = Debug|Any CPU
		{AB2CA49E-A22C-4708-A626-C681CABBAC61}.Debug|x86.Build.0 = Debug|Any CPU
		{AB2CA49E-A22C-4708-A626-C681CABBAC61}.Release|Any CPU.ActiveCfg = Release|Any CPU
		{AB2CA49E-A22C-4708-A626-C681CABBAC61}.Release|Any CPU.Build.0 = Release|Any CPU
		{AB2CA49E-A22C-4708-A626-C681CABBAC61}.Release|x64.ActiveCfg = Release|Any CPU
		{AB2CA49E-A22C-4708-A626-C681CABBAC61}.Release|x64.Build.0 = Release|Any CPU
		{AB2CA49E-A22C-4708-A626-C681CABBAC61}.Release|x86.ActiveCfg = Release|Any CPU
		{AB2CA49E-A22C-4708-A626-C681CABBAC61}.Release|x86.Build.0 = Release|Any CPU
		{3E4A53D3-3AA6-4AF4-BCDC-5B2702B9696D}.Debug|Any CPU.ActiveCfg = Debug|Any CPU
		{3E4A53D3-3AA6-4AF4-BCDC-5B2702B9696D}.Debug|Any CPU.Build.0 = Debug|Any CPU
		{3E4A53D3-3AA6-4AF4-BCDC-5B2702B9696D}.Debug|x64.ActiveCfg = Debug|Any CPU
		{3E4A53D3-3AA6-4AF4-BCDC-5B2702B9696D}.Debug|x64.Build.0 = Debug|Any CPU
		{3E4A53D3-3AA6-4AF4-BCDC-5B2702B9696D}.Debug|x86.ActiveCfg = Debug|Any CPU
		{3E4A53D3-3AA6-4AF4-BCDC-5B2702B9696D}.Debug|x86.Build.0 = Debug|Any CPU
		{3E4A53D3-3AA6-4AF4-BCDC-5B2702B9696D}.Release|Any CPU.ActiveCfg = Release|Any CPU
		{3E4A53D3-3AA6-4AF4-BCDC-5B2702B9696D}.Release|Any CPU.Build.0 = Release|Any CPU
		{3E4A53D3-3AA6-4AF4-BCDC-5B2702B9696D}.Release|x64.ActiveCfg = Release|Any CPU
		{3E4A53D3-3AA6-4AF4-BCDC-5B2702B9696D}.Release|x64.Build.0 = Release|Any CPU
		{3E4A53D3-3AA6-4AF4-BCDC-5B2702B9696D}.Release|x86.ActiveCfg = Release|Any CPU
		{3E4A53D3-3AA6-4AF4-BCDC-5B2702B9696D}.Release|x86.Build.0 = Release|Any CPU
	EndGlobalSection
EndGlobal
